<?xml version="1.0" encoding="utf-8"?>
<Project ToolsVersion="4.0" xmlns="http://schemas.microsoft.com/developer/msbuild/2003">
  <ItemGroup>
    <Filter Include="Header Files">
      <UniqueIdentifier>{21EB8090-0D4E-1035-B6D3-48EBA215DCB7}</UniqueIdentifier>
    </Filter>
    <Filter Include="Source Files">
      <UniqueIdentifier>{E9C7FDCE-D52A-8D73-7EB0-C5296AF258F6}</UniqueIdentifier>
    </Filter>
  </ItemGroup>
  <ItemGroup>
    <ClInclude Include="code\header_files\game.h">
      <Filter>Header Files</Filter>
    </ClInclude>
    <ClInclude Include="code\header_files\game_entities.h">
      <Filter>Header Files</Filter>
    </ClInclude>
    <ClInclude Include="code\header_files\globals.h">
      <Filter>Header Files</Filter>
    </ClInclude>
    <ClInclude Include="code\header_files\raygui.h">
      <Filter>Header Files</Filter>
    </ClInclude>
    <ClInclude Include="code\header_files\raylib_functions.h">
      <Filter>Header Files</Filter>
    </ClInclude>
  </ItemGroup>
  <ItemGroup>
    <ClCompile Include="code\source_files\combat.cpp">
      <Filter>Source Files</Filter>
    </ClCompile>
    <ClCompile Include="code\source_files\file_handler.cpp">
      <Filter>Source Files</Filter>
    </ClCompile>
    <ClCompile Include="code\source_files\game.cpp">
      <Filter>Source Files</Filter>
    </ClCompile>
    <ClCompile Include="code\source_files\game_engine.cpp">
      <Filter>Source Files</Filter>
    </ClCompile>
    <ClCompile Include="code\source_files\logic.cpp">
      <Filter>Source Files</Filter>
    </ClCompile>
    <ClCompile Include="code\source_files\my_game.cpp">
      <Filter>Source Files</Filter>
    </ClCompile>
    <ClCompile Include="code\source_files\gui.cpp">
      <Filter>Source Files</Filter>
    </ClCompile>
  </ItemGroup>
</Project>